
Microsoft Visual Studio Solution File, Format Version 12.00
# Visual Studio Version 16
VisualStudioVersion = 16.0.30406.217
MinimumVisualStudioVersion = 10.0.40219.1
Project("{FAE04EC0-301F-11D3-BF4B-00C04F79EFBC}") = "Job Broker Online", "Job Broker Online\Job Broker Online.csproj", "{2B446FEE-BA6A-4243-87C8-83BFD02ACEED}"
EndProject
Global
	GlobalSection(SolutionConfigurationPlatforms) = preSolution
		Debug|Any CPU = Debug|Any CPU
		Release|Any CPU = Release|Any CPU
	EndGlobalSection
	GlobalSection(ProjectConfigurationPlatforms) = postSolution
		{2B446FEE-BA6A-4243-87C8-83BFD02ACEED}.Debug|Any CPU.ActiveCfg = Debug|Any CPU
		{2B446FEE-BA6A-4243-87C8-83BFD02ACEED}.Debug|Any CPU.Build.0 = Debug|Any CPU
		{2B446FEE-BA6A-4243-87C8-83BFD02ACEED}.Release|Any CPU.ActiveCfg = Release|Any CPU
		{2B446FEE-BA6A-4243-87C8-83BFD02ACEED}.Release|Any CPU.Build.0 = Release|Any CPU
	EndGlobalSection
	GlobalSection(SolutionProperties) = preSolution
		HideSolutionNode = FALSE
	EndGlobalSection
	GlobalSection(ExtensibilityGlobals) = postSolution
		SolutionGuid = {056D31AA-D3D2-404E-87B7-B94C1C948C43}
	EndGlobalSection
EndGlobal
